
Microsoft Visual Studio Solution File, Format Version 12.00
# Visual Studio Version 17
VisualStudioVersion = 17.7.34202.233
MinimumVisualStudioVersion = 10.0.40219.1
Project("{8BC9CEB8-8B4A-11D0-8D11-00A0C91BC942}") = "PRACTIC1", "PRACTIC1.vcxproj", "{8A84E971-E377-406E-93D3-55464AC8FFEA}"
EndProject
Global
	GlobalSection(SolutionConfigurationPlatforms) = preSolution
		Debug|ARM64 = Debug|ARM64
		Debug|x64 = Debug|x64
		Debug|x86 = Debug|x86
		Release|ARM64 = Release|ARM64
		Release|x64 = Release|x64
		Release|x86 = Release|x86
	EndGlobalSection
	GlobalSection(ProjectConfigurationPlatforms) = postSolution
		{8A84E971-E377-406E-93D3-55464AC8FFEA}.Debug|ARM64.ActiveCfg = Debug|ARM64
		{8A84E971-E377-406E-93D3-55464AC8FFEA}.Debug|ARM64.Build.0 = Debug|ARM64
		{8A84E971-E377-406E-93D3-55464AC8FFEA}.Debug|x64.ActiveCfg = Debug|x64
		{8A84E971-E377-406E-93D3-55464AC8FFEA}.Debug|x64.Build.0 = Debug|x64
		{8A84E971-E377-406E-93D3-55464AC8FFEA}.Debug|x86.ActiveCfg = Debug|Win32
		{8A84E971-E377-406E-93D3-55464AC8FFEA}.Debug|x86.Build.0 = Debug|Win32
		{8A84E971-E377-406E-93D3-55464AC8FFEA}.Release|ARM64.ActiveCfg = Release|ARM64
		{8A84E971-E377-406E-93D3-55464AC8FFEA}.Release|ARM64.Build.0 = Release|ARM64
		{8A84E971-E377-406E-93D3-55464AC8FFEA}.Release|x64.ActiveCfg = Release|x64
		{8A84E971-E377-406E-93D3-55464AC8FFEA}.Release|x64.Build.0 = Release|x64
		{8A84E971-E377-406E-93D3-55464AC8FFEA}.Release|x86.ActiveCfg = Release|Win32
		{8A84E971-E377-406E-93D3-55464AC8FFEA}.Release|x86.Build.0 = Release|Win32
	EndGlobalSection
	GlobalSection(SolutionProperties) = preSolution
		HideSolutionNode = FALSE
	EndGlobalSection
	GlobalSection(ExtensibilityGlobals) = postSolution
		SolutionGuid = {3FCDA815-928D-45C6-9ABC-54DFD46DB084}
	EndGlobalSection
EndGlobal
